
Microsoft Visual Studio Solution File, Format Version 12.00
# Visual Studio Version 16
VisualStudioVersion = 16.0.29806.167
MinimumVisualStudioVersion = 10.0.40219.1
Project("{2150E333-8FDC-42A3-9474-1A3956D46DE8}") = "Demo", "Demo", "{3C9C39EF-3DD0-486C-ABFA-AA5103519227}"
EndProject
Project("{2150E333-8FDC-42A3-9474-1A3956D46DE8}") = "MediatR", "MediatR", "{58E58AD9-F2AC-4BBA-ABF9-E417E9E2A74E}"
EndProject
Project("{9A19103F-16F7-4668-BE54-9A1E7A4F7556}") = "MediatRForWebApp2.2", "Demo\MediatR\MediatRForWebApp2.2\MediatRForWebApp2.2.csproj", "{FF23DB3B-6B60-4115-ADBD-BE64E79A74AB}"
EndProject
Project("{9A19103F-16F7-4668-BE54-9A1E7A4F7556}") = "MediatRHandlerClass", "Demo\MediatR\MediatRHandlerClass\MediatRHandlerClass.csproj", "{2AFC1E7F-10D7-422B-B7A5-91CE45934B9F}"
EndProject
Project("{2150E333-8FDC-42A3-9474-1A3956D46DE8}") = "FluentValidation", "FluentValidation", "{3DCFA83A-4421-442E-94D3-08E135187985}"
EndProject
Project("{2150E333-8FDC-42A3-9474-1A3956D46DE8}") = "AutoMapper", "AutoMapper", "{6426CFDA-C206-4017-897B-2C2BAD7ECF38}"
EndProject
Project("{9A19103F-16F7-4668-BE54-9A1E7A4F7556}") = "FluentValidationWebApp2.2", "Demo\FluentValidation\FluentValidationWebApp2.2\FluentValidationWebApp2.2.csproj", "{097F7675-F341-455C-A121-83BD63E0CF01}"
EndProject
Project("{9A19103F-16F7-4668-BE54-9A1E7A4F7556}") = "AutoMapperForWebApp2.2", "Demo\AutoMapper\AutoMapperForWebApp2.2\AutoMapperForWebApp2.2.csproj", "{4B4187B0-B2B0-4CB0-91ED-2DBBC44AF240}"
EndProject
Project("{2150E333-8FDC-42A3-9474-1A3956D46DE8}") = "CsRedis", "CsRedis", "{ADB91B1A-3BC2-4719-9EB5-529DC32338E0}"
EndProject
Project("{9A19103F-16F7-4668-BE54-9A1E7A4F7556}") = "CsRedisWebApp2.2", "Demo\CsRedis\CsRedisWebApp2.2\CsRedisWebApp2.2.csproj", "{A345D361-99C8-49FD-81B1-B6A8E98B866B}"
EndProject
Project("{2150E333-8FDC-42A3-9474-1A3956D46DE8}") = "RabbitMQ", "RabbitMQ", "{0AB490F4-2F1F-4805-BFAA-E18F0CCAAAAF}"
EndProject
Project("{9A19103F-16F7-4668-BE54-9A1E7A4F7556}") = "ConsoleApp11", "Demo\RabbitMQ\ConsoleApp11\ConsoleApp11.csproj", "{4F35B69D-1305-4AC7-BCA3-325596A50E29}"
EndProject
Project("{9A19103F-16F7-4668-BE54-9A1E7A4F7556}") = "ConsoleApp12", "Demo\RabbitMQ\ConsoleApp12\ConsoleApp12.csproj", "{72CE9135-BD4E-4C71-81C6-210D262C5A80}"
EndProject
Project("{9A19103F-16F7-4668-BE54-9A1E7A4F7556}") = "ConsoleApp21", "Demo\RabbitMQ\ConsoleApp21\ConsoleApp21.csproj", "{FF69282D-90B5-4A0E-A5B1-6ABE332FEC9E}"
EndProject
Project("{9A19103F-16F7-4668-BE54-9A1E7A4F7556}") = "ConsoleApp22", "Demo\RabbitMQ\ConsoleApp22\ConsoleApp22.csproj", "{96A84B34-A7C6-466F-BCE9-B9CDD8EFD6C7}"
EndProject
Project("{9A19103F-16F7-4668-BE54-9A1E7A4F7556}") = "ConsoleApp31", "Demo\RabbitMQ\ConsoleApp31\ConsoleApp31.csproj", "{646DAB10-60F6-4ADD-836C-0B87F0DC33B7}"
EndProject
Project("{9A19103F-16F7-4668-BE54-9A1E7A4F7556}") = "ConsoleApp32", "Demo\RabbitMQ\ConsoleApp32\ConsoleApp32.csproj", "{F05E9EB1-1A2B-4211-AB05-C64CE38F76F9}"
EndProject
Project("{2150E333-8FDC-42A3-9474-1A3956D46DE8}") = "SignalR", "SignalR", "{F94655D3-820D-4E5E-984A-76CA1EAC0A89}"
EndProject
Project("{9A19103F-16F7-4668-BE54-9A1E7A4F7556}") = "SignalRChat", "Demo\SignalR\SignalRChat\SignalRChat.csproj", "{E4319C68-1CDE-440C-97DD-38AAE8361BE8}"
EndProject
Project("{2150E333-8FDC-42A3-9474-1A3956D46DE8}") = "gRpc", "gRpc", "{F6C382E2-AD20-4C6E-8B98-0CF20A3B99F4}"
EndProject
Project("{9A19103F-16F7-4668-BE54-9A1E7A4F7556}") = "GrpcGreeter", "Demo\gRPC\GrpcGreeter\GrpcGreeter.csproj", "{85342901-358D-4558-A539-B35847B81EA5}"
EndProject
Project("{9A19103F-16F7-4668-BE54-9A1E7A4F7556}") = "GrpcClient", "Demo\gRPC\GrpcClient\GrpcClient.csproj", "{37E0281F-2E3F-49A0-9FF7-AA757FDC6A73}"
EndProject
Project("{2150E333-8FDC-42A3-9474-1A3956D46DE8}") = "MongoDB", "MongoDB", "{EFC1DDF5-869B-47AF-80EC-B4C677D7DA6C}"
EndProject
Project("{FAE04EC0-301F-11D3-BF4B-00C04F79EFBC}") = "ConsoleApp1", "Demo\MongoDB\ConsoleApp1\ConsoleApp1.csproj", "{FD1E4E35-0FA1-49A9-AB32-4526F5763BFC}"
EndProject
Global
	GlobalSection(SolutionConfigurationPlatforms) = preSolution
		Debug|Any CPU = Debug|Any CPU
		Release|Any CPU = Release|Any CPU
	EndGlobalSection
	GlobalSection(ProjectConfigurationPlatforms) = postSolution
		{FF23DB3B-6B60-4115-ADBD-BE64E79A74AB}.Debug|Any CPU.ActiveCfg = Debug|Any CPU
		{FF23DB3B-6B60-4115-ADBD-BE64E79A74AB}.Debug|Any CPU.Build.0 = Debug|Any CPU
		{FF23DB3B-6B60-4115-ADBD-BE64E79A74AB}.Release|Any CPU.ActiveCfg = Release|Any CPU
		{FF23DB3B-6B60-4115-ADBD-BE64E79A74AB}.Release|Any CPU.Build.0 = Release|Any CPU
		{2AFC1E7F-10D7-422B-B7A5-91CE45934B9F}.Debug|Any CPU.ActiveCfg = Debug|Any CPU
		{2AFC1E7F-10D7-422B-B7A5-91CE45934B9F}.Debug|Any CPU.Build.0 = Debug|Any CPU
		{2AFC1E7F-10D7-422B-B7A5-91CE45934B9F}.Release|Any CPU.ActiveCfg = Release|Any CPU
		{2AFC1E7F-10D7-422B-B7A5-91CE45934B9F}.Release|Any CPU.Build.0 = Release|Any CPU
		{097F7675-F341-455C-A121-83BD63E0CF01}.Debug|Any CPU.ActiveCfg = Debug|Any CPU
		{097F7675-F341-455C-A121-83BD63E0CF01}.Debug|Any CPU.Build.0 = Debug|Any CPU
		{097F7675-F341-455C-A121-83BD63E0CF01}.Release|Any CPU.ActiveCfg = Release|Any CPU
		{097F7675-F341-455C-A121-83BD63E0CF01}.Release|Any CPU.Build.0 = Release|Any CPU
		{4B4187B0-B2B0-4CB0-91ED-2DBBC44AF240}.Debug|Any CPU.ActiveCfg = Debug|Any CPU
		{4B4187B0-B2B0-4CB0-91ED-2DBBC44AF240}.Debug|Any CPU.Build.0 = Debug|Any CPU
		{4B4187B0-B2B0-4CB0-91ED-2DBBC44AF240}.Release|Any CPU.ActiveCfg = Release|Any CPU
		{4B4187B0-B2B0-4CB0-91ED-2DBBC44AF240}.Release|Any CPU.Build.0 = Release|Any CPU
		{A345D361-99C8-49FD-81B1-B6A8E98B866B}.Debug|Any CPU.ActiveCfg = Debug|Any CPU
		{A345D361-99C8-49FD-81B1-B6A8E98B866B}.Debug|Any CPU.Build.0 = Debug|Any CPU
		{A345D361-99C8-49FD-81B1-B6A8E98B866B}.Release|Any CPU.ActiveCfg = Release|Any CPU
		{A345D361-99C8-49FD-81B1-B6A8E98B866B}.Release|Any CPU.Build.0 = Release|Any CPU
		{4F35B69D-1305-4AC7-BCA3-325596A50E29}.Debug|Any CPU.ActiveCfg = Debug|Any CPU
		{4F35B69D-1305-4AC7-BCA3-325596A50E29}.Debug|Any CPU.Build.0 = Debug|Any CPU
		{4F35B69D-1305-4AC7-BCA3-325596A50E29}.Release|Any CPU.ActiveCfg = Release|Any CPU
		{4F35B69D-1305-4AC7-BCA3-325596A50E29}.Release|Any CPU.Build.0 = Release|Any CPU
		{72CE9135-BD4E-4C71-81C6-210D262C5A80}.Debug|Any CPU.ActiveCfg = Debug|Any CPU
		{72CE9135-BD4E-4C71-81C6-210D262C5A80}.Debug|Any CPU.Build.0 = Debug|Any CPU
		{72CE9135-BD4E-4C71-81C6-210D262C5A80}.Release|Any CPU.ActiveCfg = Release|Any CPU
		{72CE9135-BD4E-4C71-81C6-210D262C5A80}.Release|Any CPU.Build.0 = Release|Any CPU
		{FF69282D-90B5-4A0E-A5B1-6ABE332FEC9E}.Debug|Any CPU.ActiveCfg = Debug|Any CPU
		{FF69282D-90B5-4A0E-A5B1-6ABE332FEC9E}.Debug|Any CPU.Build.0 = Debug|Any CPU
		{FF69282D-90B5-4A0E-A5B1-6ABE332FEC9E}.Release|Any CPU.ActiveCfg = Release|Any CPU
		{FF69282D-90B5-4A0E-A5B1-6ABE332FEC9E}.Release|Any CPU.Build.0 = Release|Any CPU
		{96A84B34-A7C6-466F-BCE9-B9CDD8EFD6C7}.Debug|Any CPU.ActiveCfg = Debug|Any CPU
		{96A84B34-A7C6-466F-BCE9-B9CDD8EFD6C7}.Debug|Any CPU.Build.0 = Debug|Any CPU
		{96A84B34-A7C6-466F-BCE9-B9CDD8EFD6C7}.Release|Any CPU.ActiveCfg = Release|Any CPU
		{96A84B34-A7C6-466F-BCE9-B9CDD8EFD6C7}.Release|Any CPU.Build.0 = Release|Any CPU
		{646DAB10-60F6-4ADD-836C-0B87F0DC33B7}.Debug|Any CPU.ActiveCfg = Debug|Any CPU
		{646DAB10-60F6-4ADD-836C-0B87F0DC33B7}.Debug|Any CPU.Build.0 = Debug|Any CPU
		{646DAB10-60F6-4ADD-836C-0B87F0DC33B7}.Release|Any CPU.ActiveCfg = Release|Any CPU
		{646DAB10-60F6-4ADD-836C-0B87F0DC33B7}.Release|Any CPU.Build.0 = Release|Any CPU
		{F05E9EB1-1A2B-4211-AB05-C64CE38F76F9}.Debug|Any CPU.ActiveCfg = Debug|Any CPU
		{F05E9EB1-1A2B-4211-AB05-C64CE38F76F9}.Debug|Any CPU.Build.0 = Debug|Any CPU
		{F05E9EB1-1A2B-4211-AB05-C64CE38F76F9}.Release|Any CPU.ActiveCfg = Release|Any CPU
		{F05E9EB1-1A2B-4211-AB05-C64CE38F76F9}.Release|Any CPU.Build.0 = Release|Any CPU
		{E4319C68-1CDE-440C-97DD-38AAE8361BE8}.Debug|Any CPU.ActiveCfg = Debug|Any CPU
		{E4319C68-1CDE-440C-97DD-38AAE8361BE8}.Debug|Any CPU.Build.0 = Debug|Any CPU
		{E4319C68-1CDE-440C-97DD-38AAE8361BE8}.Release|Any CPU.ActiveCfg = Release|Any CPU
		{E4319C68-1CDE-440C-97DD-38AAE8361BE8}.Release|Any CPU.Build.0 = Release|Any CPU
		{85342901-358D-4558-A539-B35847B81EA5}.Debug|Any CPU.ActiveCfg = Debug|Any CPU
		{85342901-358D-4558-A539-B35847B81EA5}.Debug|Any CPU.Build.0 = Debug|Any CPU
		{85342901-358D-4558-A539-B35847B81EA5}.Release|Any CPU.ActiveCfg = Release|Any CPU
		{85342901-358D-4558-A539-B35847B81EA5}.Release|Any CPU.Build.0 = Release|Any CPU
		{37E0281F-2E3F-49A0-9FF7-AA757FDC6A73}.Debug|Any CPU.ActiveCfg = Debug|Any CPU
		{37E0281F-2E3F-49A0-9FF7-AA757FDC6A73}.Debug|Any CPU.Build.0 = Debug|Any CPU
		{37E0281F-2E3F-49A0-9FF7-AA757FDC6A73}.Release|Any CPU.ActiveCfg = Release|Any CPU
		{37E0281F-2E3F-49A0-9FF7-AA757FDC6A73}.Release|Any CPU.Build.0 = Release|Any CPU
		{FD1E4E35-0FA1-49A9-AB32-4526F5763BFC}.Debug|Any CPU.ActiveCfg = Debug|Any CPU
		{FD1E4E35-0FA1-49A9-AB32-4526F5763BFC}.Debug|Any CPU.Build.0 = Debug|Any CPU
		{FD1E4E35-0FA1-49A9-AB32-4526F5763BFC}.Release|Any CPU.ActiveCfg = Release|Any CPU
		{FD1E4E35-0FA1-49A9-AB32-4526F5763BFC}.Release|Any CPU.Build.0 = Release|Any CPU
	EndGlobalSection
	GlobalSection(SolutionProperties) = preSolution
		HideSolutionNode = FALSE
	EndGlobalSection
	GlobalSection(NestedProjects) = preSolution
		{58E58AD9-F2AC-4BBA-ABF9-E417E9E2A74E} = {3C9C39EF-3DD0-486C-ABFA-AA5103519227}
		{FF23DB3B-6B60-4115-ADBD-BE64E79A74AB} = {58E58AD9-F2AC-4BBA-ABF9-E417E9E2A74E}
		{2AFC1E7F-10D7-422B-B7A5-91CE45934B9F} = {58E58AD9-F2AC-4BBA-ABF9-E417E9E2A74E}
		{3DCFA83A-4421-442E-94D3-08E135187985} = {3C9C39EF-3DD0-486C-ABFA-AA5103519227}
		{6426CFDA-C206-4017-897B-2C2BAD7ECF38} = {3C9C39EF-3DD0-486C-ABFA-AA5103519227}
		{097F7675-F341-455C-A121-83BD63E0CF01} = {3DCFA83A-4421-442E-94D3-08E135187985}
		{4B4187B0-B2B0-4CB0-91ED-2DBBC44AF240} = {6426CFDA-C206-4017-897B-2C2BAD7ECF38}
		{ADB91B1A-3BC2-4719-9EB5-529DC32338E0} = {3C9C39EF-3DD0-486C-ABFA-AA5103519227}
		{A345D361-99C8-49FD-81B1-B6A8E98B866B} = {ADB91B1A-3BC2-4719-9EB5-529DC32338E0}
		{0AB490F4-2F1F-4805-BFAA-E18F0CCAAAAF} = {3C9C39EF-3DD0-486C-ABFA-AA5103519227}
		{4F35B69D-1305-4AC7-BCA3-325596A50E29} = {0AB490F4-2F1F-4805-BFAA-E18F0CCAAAAF}
		{72CE9135-BD4E-4C71-81C6-210D262C5A80} = {0AB490F4-2F1F-4805-BFAA-E18F0CCAAAAF}
		{FF69282D-90B5-4A0E-A5B1-6ABE332FEC9E} = {0AB490F4-2F1F-4805-BFAA-E18F0CCAAAAF}
		{96A84B34-A7C6-466F-BCE9-B9CDD8EFD6C7} = {0AB490F4-2F1F-4805-BFAA-E18F0CCAAAAF}
		{646DAB10-60F6-4ADD-836C-0B87F0DC33B7} = {0AB490F4-2F1F-4805-BFAA-E18F0CCAAAAF}
		{F05E9EB1-1A2B-4211-AB05-C64CE38F76F9} = {0AB490F4-2F1F-4805-BFAA-E18F0CCAAAAF}
		{F94655D3-820D-4E5E-984A-76CA1EAC0A89} = {3C9C39EF-3DD0-486C-ABFA-AA5103519227}
		{E4319C68-1CDE-440C-97DD-38AAE8361BE8} = {F94655D3-820D-4E5E-984A-76CA1EAC0A89}
		{F6C382E2-AD20-4C6E-8B98-0CF20A3B99F4} = {3C9C39EF-3DD0-486C-ABFA-AA5103519227}
		{85342901-358D-4558-A539-B35847B81EA5} = {F6C382E2-AD20-4C6E-8B98-0CF20A3B99F4}
		{37E0281F-2E3F-49A0-9FF7-AA757FDC6A73} = {F6C382E2-AD20-4C6E-8B98-0CF20A3B99F4}
		{EFC1DDF5-869B-47AF-80EC-B4C677D7DA6C} = {3C9C39EF-3DD0-486C-ABFA-AA5103519227}
		{FD1E4E35-0FA1-49A9-AB32-4526F5763BFC} = {EFC1DDF5-869B-47AF-80EC-B4C677D7DA6C}
	EndGlobalSection
	GlobalSection(ExtensibilityGlobals) = postSolution
		SolutionGuid = {9EE58DF5-341E-45B9-AD3A-B8423B8A262A}
	EndGlobalSection
EndGlobal
