
Microsoft Visual Studio Solution File, Format Version 12.00
# Visual Studio Version 16
VisualStudioVersion = 16.0.29806.167
MinimumVisualStudioVersion = 10.0.40219.1
Project("{2150E333-8FDC-42A3-9474-1A3956D46DE8}") = "Demo", "Demo", "{3C9C39EF-3DD0-486C-ABFA-AA5103519227}"
EndProject
Project("{2150E333-8FDC-42A3-9474-1A3956D46DE8}") = "MediatR", "MediatR", "{58E58AD9-F2AC-4BBA-ABF9-E417E9E2A74E}"
EndProject
Project("{9A19103F-16F7-4668-BE54-9A1E7A4F7556}") = "MediatRForWebApp2.2", "Demo\MediatR\MediatRForWebApp2.2\MediatRForWebApp2.2.csproj", "{FF23DB3B-6B60-4115-ADBD-BE64E79A74AB}"
EndProject
Project("{9A19103F-16F7-4668-BE54-9A1E7A4F7556}") = "MediatRHandlerClass", "Demo\MediatR\MediatRHandlerClass\MediatRHandlerClass.csproj", "{2AFC1E7F-10D7-422B-B7A5-91CE45934B9F}"
EndProject
Project("{2150E333-8FDC-42A3-9474-1A3956D46DE8}") = "FluentValidation", "FluentValidation", "{3DCFA83A-4421-442E-94D3-08E135187985}"
EndProject
Project("{2150E333-8FDC-42A3-9474-1A3956D46DE8}") = "AutoMapper", "AutoMapper", "{6426CFDA-C206-4017-897B-2C2BAD7ECF38}"
EndProject
Project("{FAE04EC0-301F-11D3-BF4B-00C04F79EFBC}") = "FluentValidationWebApp2.2", "Demo\FluentValidation\FluentValidationWebApp2.2\FluentValidationWebApp2.2.csproj", "{097F7675-F341-455C-A121-83BD63E0CF01}"
EndProject
Project("{FAE04EC0-301F-11D3-BF4B-00C04F79EFBC}") = "AutoMapperForWebApp2.2", "Demo\AutoMapper\AutoMapperForWebApp2.2\AutoMapperForWebApp2.2.csproj", "{735B3A3C-21E4-4727-87CF-7755EFBAA7A8}"
EndProject
Global
	GlobalSection(SolutionConfigurationPlatforms) = preSolution
		Debug|Any CPU = Debug|Any CPU
		Release|Any CPU = Release|Any CPU
	EndGlobalSection
	GlobalSection(ProjectConfigurationPlatforms) = postSolution
		{FF23DB3B-6B60-4115-ADBD-BE64E79A74AB}.Debug|Any CPU.ActiveCfg = Debug|Any CPU
		{FF23DB3B-6B60-4115-ADBD-BE64E79A74AB}.Debug|Any CPU.Build.0 = Debug|Any CPU
		{FF23DB3B-6B60-4115-ADBD-BE64E79A74AB}.Release|Any CPU.ActiveCfg = Release|Any CPU
		{FF23DB3B-6B60-4115-ADBD-BE64E79A74AB}.Release|Any CPU.Build.0 = Release|Any CPU
		{2AFC1E7F-10D7-422B-B7A5-91CE45934B9F}.Debug|Any CPU.ActiveCfg = Debug|Any CPU
		{2AFC1E7F-10D7-422B-B7A5-91CE45934B9F}.Debug|Any CPU.Build.0 = Debug|Any CPU
		{2AFC1E7F-10D7-422B-B7A5-91CE45934B9F}.Release|Any CPU.ActiveCfg = Release|Any CPU
		{2AFC1E7F-10D7-422B-B7A5-91CE45934B9F}.Release|Any CPU.Build.0 = Release|Any CPU
		{097F7675-F341-455C-A121-83BD63E0CF01}.Debug|Any CPU.ActiveCfg = Debug|Any CPU
		{097F7675-F341-455C-A121-83BD63E0CF01}.Debug|Any CPU.Build.0 = Debug|Any CPU
		{097F7675-F341-455C-A121-83BD63E0CF01}.Release|Any CPU.ActiveCfg = Release|Any CPU
		{097F7675-F341-455C-A121-83BD63E0CF01}.Release|Any CPU.Build.0 = Release|Any CPU
		{735B3A3C-21E4-4727-87CF-7755EFBAA7A8}.Debug|Any CPU.ActiveCfg = Debug|Any CPU
		{735B3A3C-21E4-4727-87CF-7755EFBAA7A8}.Debug|Any CPU.Build.0 = Debug|Any CPU
		{735B3A3C-21E4-4727-87CF-7755EFBAA7A8}.Release|Any CPU.ActiveCfg = Release|Any CPU
		{735B3A3C-21E4-4727-87CF-7755EFBAA7A8}.Release|Any CPU.Build.0 = Release|Any CPU
	EndGlobalSection
	GlobalSection(SolutionProperties) = preSolution
		HideSolutionNode = FALSE
	EndGlobalSection
	GlobalSection(NestedProjects) = preSolution
		{58E58AD9-F2AC-4BBA-ABF9-E417E9E2A74E} = {3C9C39EF-3DD0-486C-ABFA-AA5103519227}
		{FF23DB3B-6B60-4115-ADBD-BE64E79A74AB} = {58E58AD9-F2AC-4BBA-ABF9-E417E9E2A74E}
		{2AFC1E7F-10D7-422B-B7A5-91CE45934B9F} = {58E58AD9-F2AC-4BBA-ABF9-E417E9E2A74E}
		{3DCFA83A-4421-442E-94D3-08E135187985} = {3C9C39EF-3DD0-486C-ABFA-AA5103519227}
		{6426CFDA-C206-4017-897B-2C2BAD7ECF38} = {3C9C39EF-3DD0-486C-ABFA-AA5103519227}
		{097F7675-F341-455C-A121-83BD63E0CF01} = {3DCFA83A-4421-442E-94D3-08E135187985}
		{735B3A3C-21E4-4727-87CF-7755EFBAA7A8} = {6426CFDA-C206-4017-897B-2C2BAD7ECF38}
	EndGlobalSection
	GlobalSection(ExtensibilityGlobals) = postSolution
		SolutionGuid = {9EE58DF5-341E-45B9-AD3A-B8423B8A262A}
	EndGlobalSection
EndGlobal
